// !$*UTF8*$!
{
	archiveVersion = 1;
	classes = {
	};
	objectVersion = 50;
	objects = {

/* Begin PBXBuildFile section */
		4006D3E72382D8EF006D19EE /* UILoggingViewController.swift in Sources */ = {isa = PBXBuildFile; fileRef = 4006D3E62382D8EF006D19EE /* UILoggingViewController.swift */; };
		404ABD0E2384350600264503 /* storageTableViewController.swift in Sources */ = {isa = PBXBuildFile; fileRef = 404ABD0D2384350600264503 /* storageTableViewController.swift */; };
		404ABD19238471CD00264503 /* suppliersTableViewController.swift in Sources */ = {isa = PBXBuildFile; fileRef = 404ABD18238471CD00264503 /* suppliersTableViewController.swift */; };
		407E92672385867F0019B288 /* addSupplierViewController.swift in Sources */ = {isa = PBXBuildFile; fileRef = 407E92662385867F0019B288 /* addSupplierViewController.swift */; };
		407E92A12385A5370019B288 /* Location.swift in Sources */ = {isa = PBXBuildFile; fileRef = 407E92A02385A5370019B288 /* Location.swift */; };
		407E92A32385A56F0019B288 /* LocationDAO.swift in Sources */ = {isa = PBXBuildFile; fileRef = 407E92A22385A56F0019B288 /* LocationDAO.swift */; };
		40E6D9642386CCB400380209 /* productInfoViewController.swift in Sources */ = {isa = PBXBuildFile; fileRef = 40E6D9632386CCB400380209 /* productInfoViewController.swift */; };
		40E6D96D2386CF4800380209 /* productTableViewController.swift in Sources */ = {isa = PBXBuildFile; fileRef = 40E6D96C2386CF4800380209 /* productTableViewController.swift */; };
		40E6D9712386E29D00380209 /* Main.storyboard in Resources */ = {isa = PBXBuildFile; fileRef = 40E6D9702386E29D00380209 /* Main.storyboard */; };
		40E6D9732386ECF900380209 /* suppInfoViewController.swift in Sources */ = {isa = PBXBuildFile; fileRef = 40E6D9722386ECF900380209 /* suppInfoViewController.swift */; };
		40E6D9772386F5BB00380209 /* recapViewController.swift in Sources */ = {isa = PBXBuildFile; fileRef = 40E6D9762386F5BB00380209 /* recapViewController.swift */; };
		461CAB91238841E500578100 /* AddLocationViewController.swift in Sources */ = {isa = PBXBuildFile; fileRef = 461CAB90238841E500578100 /* AddLocationViewController.swift */; };
		464B6DBF238350A000AD254E /* ProductDAO.swift in Sources */ = {isa = PBXBuildFile; fileRef = 464B6DBE238350A000AD254E /* ProductDAO.swift */; };
		464B6DC3238356BA00AD254E /* SupplierDAO.swift in Sources */ = {isa = PBXBuildFile; fileRef = 464B6DC2238356BA00AD254E /* SupplierDAO.swift */; };
		464B6DC5238358C000AD254E /* StorageDAO.swift in Sources */ = {isa = PBXBuildFile; fileRef = 464B6DC4238358C000AD254E /* StorageDAO.swift */; };
		46D486412382D01D00AE9F9F /* Product.swift in Sources */ = {isa = PBXBuildFile; fileRef = 46D486402382D01D00AE9F9F /* Product.swift */; };
		46D486462382D0B100AE9F9F /* Supplier.swift in Sources */ = {isa = PBXBuildFile; fileRef = 46D486452382D0B100AE9F9F /* Supplier.swift */; };
		46D486482382D0C500AE9F9F /* Storage.swift in Sources */ = {isa = PBXBuildFile; fileRef = 46D486472382D0C500AE9F9F /* Storage.swift */; };
		46EF1C5C2388988600AE2DF9 /* logViewController.swift in Sources */ = {isa = PBXBuildFile; fileRef = 46EF1C5B2388988600AE2DF9 /* logViewController.swift */; };
		AE0455A0237EE4570078FAC4 /* OrderViewController.swift in Sources */ = {isa = PBXBuildFile; fileRef = AE04559F237EE4570078FAC4 /* OrderViewController.swift */; };
		AE26C5592383456100D9BE09 /* AddItemViewController.swift in Sources */ = {isa = PBXBuildFile; fileRef = AE26C5582383456100D9BE09 /* AddItemViewController.swift */; };
		AED162E6238A7BB100E285DD /* SQLite.framework in Frameworks */ = {isa = PBXBuildFile; fileRef = AED162D9238A7BAA00E285DD /* SQLite.framework */; };
		AED162E7238A7BB100E285DD /* SQLite.framework in Embed Frameworks */ = {isa = PBXBuildFile; fileRef = AED162D9238A7BAA00E285DD /* SQLite.framework */; settings = {ATTRIBUTES = (CodeSignOnCopy, RemoveHeadersOnCopy, ); }; };
		AEED9214237C865C0056EA41 /* AppDelegate.swift in Sources */ = {isa = PBXBuildFile; fileRef = AEED9213237C865C0056EA41 /* AppDelegate.swift */; };
		AEED9216237C865C0056EA41 /* SceneDelegate.swift in Sources */ = {isa = PBXBuildFile; fileRef = AEED9215237C865C0056EA41 /* SceneDelegate.swift */; };
		AEED921E237C865C0056EA41 /* ChefBuddy.xcdatamodeld in Sources */ = {isa = PBXBuildFile; fileRef = AEED921C237C865C0056EA41 /* ChefBuddy.xcdatamodeld */; };
		AEED9220237C865D0056EA41 /* Assets.xcassets in Resources */ = {isa = PBXBuildFile; fileRef = AEED921F237C865D0056EA41 /* Assets.xcassets */; };
		AEED9223237C865D0056EA41 /* LaunchScreen.storyboard in Resources */ = {isa = PBXBuildFile; fileRef = AEED9221237C865D0056EA41 /* LaunchScreen.storyboard */; };
		AEF7FDBE23842A290008AFB1 /* WeeklyTableViewController.swift in Sources */ = {isa = PBXBuildFile; fileRef = AEF7FDBD23842A290008AFB1 /* WeeklyTableViewController.swift */; };
/* End PBXBuildFile section */

/* Begin PBXContainerItemProxy section */
		AEC038A523841FD70003DD79 /* PBXContainerItemProxy */ = {
			isa = PBXContainerItemProxy;
			containerPortal = AEC0389B23841FD70003DD79 /* SQLite.xcodeproj */;
			proxyType = 2;
			remoteGlobalIDString = EE247AD31C3F04ED00AE3E12;
			remoteInfo = "SQLite iOS";
		};
		AEC038A723841FD70003DD79 /* PBXContainerItemProxy */ = {
			isa = PBXContainerItemProxy;
			containerPortal = AEC0389B23841FD70003DD79 /* SQLite.xcodeproj */;
			proxyType = 2;
			remoteGlobalIDString = EE247ADD1C3F04ED00AE3E12;
			remoteInfo = "SQLiteTests iOS";
		};
		AEC038A923841FD70003DD79 /* PBXContainerItemProxy */ = {
			isa = PBXContainerItemProxy;
			containerPortal = AEC0389B23841FD70003DD79 /* SQLite.xcodeproj */;
			proxyType = 2;
			remoteGlobalIDString = EE247B3C1C3F3ED000AE3E12;
			remoteInfo = "SQLite Mac";
		};
		AEC038AB23841FD70003DD79 /* PBXContainerItemProxy */ = {
			isa = PBXContainerItemProxy;
			containerPortal = AEC0389B23841FD70003DD79 /* SQLite.xcodeproj */;
			proxyType = 2;
			remoteGlobalIDString = EE247B451C3F3ED000AE3E12;
			remoteInfo = "SQLiteTests Mac";
		};
		AEC038AD23841FD70003DD79 /* PBXContainerItemProxy */ = {
			isa = PBXContainerItemProxy;
			containerPortal = AEC0389B23841FD70003DD79 /* SQLite.xcodeproj */;
			proxyType = 2;
			remoteGlobalIDString = 03A65E5A1C6BB0F50062603F;
			remoteInfo = "SQLite tvOS";
		};
		AEC038AF23841FD70003DD79 /* PBXContainerItemProxy */ = {
			isa = PBXContainerItemProxy;
			containerPortal = AEC0389B23841FD70003DD79 /* SQLite.xcodeproj */;
			proxyType = 2;
			remoteGlobalIDString = 03A65E631C6BB0F60062603F;
			remoteInfo = "SQLiteTests tvOS";
		};
		AEC038B123841FD70003DD79 /* PBXContainerItemProxy */ = {
			isa = PBXContainerItemProxy;
			containerPortal = AEC0389B23841FD70003DD79 /* SQLite.xcodeproj */;
			proxyType = 2;
			remoteGlobalIDString = A121AC451CA35C79005A31D1;
			remoteInfo = "SQLite watchOS";
		};
		AED162D8238A7BAA00E285DD /* PBXContainerItemProxy */ = {
			isa = PBXContainerItemProxy;
			containerPortal = AED162CE238A7BAA00E285DD /* SQLite.xcodeproj */;
			proxyType = 2;
			remoteGlobalIDString = EE247AD31C3F04ED00AE3E12;
			remoteInfo = "SQLite iOS";
		};
		AED162DA238A7BAA00E285DD /* PBXContainerItemProxy */ = {
			isa = PBXContainerItemProxy;
			containerPortal = AED162CE238A7BAA00E285DD /* SQLite.xcodeproj */;
			proxyType = 2;
			remoteGlobalIDString = EE247ADD1C3F04ED00AE3E12;
			remoteInfo = "SQLiteTests iOS";
		};
		AED162DC238A7BAA00E285DD /* PBXContainerItemProxy */ = {
			isa = PBXContainerItemProxy;
			containerPortal = AED162CE238A7BAA00E285DD /* SQLite.xcodeproj */;
			proxyType = 2;
			remoteGlobalIDString = EE247B3C1C3F3ED000AE3E12;
			remoteInfo = "SQLite Mac";
		};
		AED162DE238A7BAA00E285DD /* PBXContainerItemProxy */ = {
			isa = PBXContainerItemProxy;
			containerPortal = AED162CE238A7BAA00E285DD /* SQLite.xcodeproj */;
			proxyType = 2;
			remoteGlobalIDString = EE247B451C3F3ED000AE3E12;
			remoteInfo = "SQLiteTests Mac";
		};
		AED162E0238A7BAA00E285DD /* PBXContainerItemProxy */ = {
			isa = PBXContainerItemProxy;
			containerPortal = AED162CE238A7BAA00E285DD /* SQLite.xcodeproj */;
			proxyType = 2;
			remoteGlobalIDString = 03A65E5A1C6BB0F50062603F;
			remoteInfo = "SQLite tvOS";
		};
		AED162E2238A7BAA00E285DD /* PBXContainerItemProxy */ = {
			isa = PBXContainerItemProxy;
			containerPortal = AED162CE238A7BAA00E285DD /* SQLite.xcodeproj */;
			proxyType = 2;
			remoteGlobalIDString = 03A65E631C6BB0F60062603F;
			remoteInfo = "SQLiteTests tvOS";
		};
		AED162E4238A7BAA00E285DD /* PBXContainerItemProxy */ = {
			isa = PBXContainerItemProxy;
			containerPortal = AED162CE238A7BAA00E285DD /* SQLite.xcodeproj */;
			proxyType = 2;
			remoteGlobalIDString = A121AC451CA35C79005A31D1;
			remoteInfo = "SQLite watchOS";
		};
/* End PBXContainerItemProxy section */

/* Begin PBXCopyFilesBuildPhase section */
		AEF7FDBC2384204C0008AFB1 /* Embed Frameworks */ = {
			isa = PBXCopyFilesBuildPhase;
			buildActionMask = 2147483647;
			dstPath = "";
			dstSubfolderSpec = 10;
			files = (
				AED162E7238A7BB100E285DD /* SQLite.framework in Embed Frameworks */,
			);
			name = "Embed Frameworks";
			runOnlyForDeploymentPostprocessing = 0;
		};
/* End PBXCopyFilesBuildPhase section */

/* Begin PBXFileReference section */
		4006D3E62382D8EF006D19EE /* UILoggingViewController.swift */ = {isa = PBXFileReference; fileEncoding = 4; lastKnownFileType = sourcecode.swift; path = UILoggingViewController.swift; sourceTree = "<group>"; };
		404ABD0D2384350600264503 /* storageTableViewController.swift */ = {isa = PBXFileReference; lastKnownFileType = sourcecode.swift; path = storageTableViewController.swift; sourceTree = "<group>"; };
		404ABD18238471CD00264503 /* suppliersTableViewController.swift */ = {isa = PBXFileReference; lastKnownFileType = sourcecode.swift; path = suppliersTableViewController.swift; sourceTree = "<group>"; };
		407E92662385867F0019B288 /* addSupplierViewController.swift */ = {isa = PBXFileReference; lastKnownFileType = sourcecode.swift; path = addSupplierViewController.swift; sourceTree = "<group>"; };
		407E92A02385A5370019B288 /* Location.swift */ = {isa = PBXFileReference; lastKnownFileType = sourcecode.swift; path = Location.swift; sourceTree = "<group>"; };
		407E92A22385A56F0019B288 /* LocationDAO.swift */ = {isa = PBXFileReference; lastKnownFileType = sourcecode.swift; path = LocationDAO.swift; sourceTree = "<group>"; };
		40E6D9632386CCB400380209 /* productInfoViewController.swift */ = {isa = PBXFileReference; lastKnownFileType = sourcecode.swift; path = productInfoViewController.swift; sourceTree = "<group>"; };
		40E6D96C2386CF4800380209 /* productTableViewController.swift */ = {isa = PBXFileReference; lastKnownFileType = sourcecode.swift; path = productTableViewController.swift; sourceTree = "<group>"; };
		40E6D9702386E29D00380209 /* Main.storyboard */ = {isa = PBXFileReference; fileEncoding = 4; lastKnownFileType = file.storyboard; path = Main.storyboard; sourceTree = "<group>"; };
		40E6D9722386ECF900380209 /* suppInfoViewController.swift */ = {isa = PBXFileReference; lastKnownFileType = sourcecode.swift; path = suppInfoViewController.swift; sourceTree = "<group>"; };
		40E6D9762386F5BB00380209 /* recapViewController.swift */ = {isa = PBXFileReference; lastKnownFileType = sourcecode.swift; path = recapViewController.swift; sourceTree = "<group>"; };
		461CAB90238841E500578100 /* AddLocationViewController.swift */ = {isa = PBXFileReference; lastKnownFileType = sourcecode.swift; path = AddLocationViewController.swift; sourceTree = "<group>"; };
		464B6DBE238350A000AD254E /* ProductDAO.swift */ = {isa = PBXFileReference; lastKnownFileType = sourcecode.swift; path = ProductDAO.swift; sourceTree = "<group>"; };
		464B6DC2238356BA00AD254E /* SupplierDAO.swift */ = {isa = PBXFileReference; lastKnownFileType = sourcecode.swift; path = SupplierDAO.swift; sourceTree = "<group>"; };
		464B6DC4238358C000AD254E /* StorageDAO.swift */ = {isa = PBXFileReference; lastKnownFileType = sourcecode.swift; path = StorageDAO.swift; sourceTree = "<group>"; };
		46D486402382D01D00AE9F9F /* Product.swift */ = {isa = PBXFileReference; lastKnownFileType = sourcecode.swift; path = Product.swift; sourceTree = "<group>"; };
		46D486452382D0B100AE9F9F /* Supplier.swift */ = {isa = PBXFileReference; lastKnownFileType = sourcecode.swift; path = Supplier.swift; sourceTree = "<group>"; };
		46D486472382D0C500AE9F9F /* Storage.swift */ = {isa = PBXFileReference; lastKnownFileType = sourcecode.swift; path = Storage.swift; sourceTree = "<group>"; };
		46EF1C5B2388988600AE2DF9 /* logViewController.swift */ = {isa = PBXFileReference; lastKnownFileType = sourcecode.swift; path = logViewController.swift; sourceTree = "<group>"; };
		AE04559F237EE4570078FAC4 /* OrderViewController.swift */ = {isa = PBXFileReference; lastKnownFileType = sourcecode.swift; path = OrderViewController.swift; sourceTree = "<group>"; };
		AE26C5582383456100D9BE09 /* AddItemViewController.swift */ = {isa = PBXFileReference; lastKnownFileType = sourcecode.swift; path = AddItemViewController.swift; sourceTree = "<group>"; };
		AEC0389B23841FD70003DD79 /* SQLite.xcodeproj */ = {isa = PBXFileReference; lastKnownFileType = "wrapper.pb-project"; name = SQLite.xcodeproj; path = ../../Downloads/SQLite.xcodeproj; sourceTree = "<group>"; };
		AED162CE238A7BAA00E285DD /* SQLite.xcodeproj */ = {isa = PBXFileReference; lastKnownFileType = "wrapper.pb-project"; name = SQLite.xcodeproj; path = "../SQLite Swift/SQLite.xcodeproj"; sourceTree = "<group>"; };
		AEED9210237C865C0056EA41 /* ChefBuddy.app */ = {isa = PBXFileReference; explicitFileType = wrapper.application; includeInIndex = 0; path = ChefBuddy.app; sourceTree = BUILT_PRODUCTS_DIR; };
		AEED9213237C865C0056EA41 /* AppDelegate.swift */ = {isa = PBXFileReference; lastKnownFileType = sourcecode.swift; path = AppDelegate.swift; sourceTree = "<group>"; };
		AEED9215237C865C0056EA41 /* SceneDelegate.swift */ = {isa = PBXFileReference; lastKnownFileType = sourcecode.swift; path = SceneDelegate.swift; sourceTree = "<group>"; };
		AEED921D237C865C0056EA41 /* ChefBuddy.xcdatamodel */ = {isa = PBXFileReference; lastKnownFileType = wrapper.xcdatamodel; path = ChefBuddy.xcdatamodel; sourceTree = "<group>"; };
		AEED921F237C865D0056EA41 /* Assets.xcassets */ = {isa = PBXFileReference; lastKnownFileType = folder.assetcatalog; path = Assets.xcassets; sourceTree = "<group>"; };
		AEED9222237C865D0056EA41 /* Base */ = {isa = PBXFileReference; lastKnownFileType = file.storyboard; name = Base; path = Base.lproj/LaunchScreen.storyboard; sourceTree = "<group>"; };
		AEED9224237C865D0056EA41 /* Info.plist */ = {isa = PBXFileReference; lastKnownFileType = text.plist.xml; path = Info.plist; sourceTree = "<group>"; };
		AEF7FDBD23842A290008AFB1 /* WeeklyTableViewController.swift */ = {isa = PBXFileReference; lastKnownFileType = sourcecode.swift; path = WeeklyTableViewController.swift; sourceTree = "<group>"; };
/* End PBXFileReference section */

/* Begin PBXFrameworksBuildPhase section */
		AEED920D237C865C0056EA41 /* Frameworks */ = {
			isa = PBXFrameworksBuildPhase;
			buildActionMask = 2147483647;
			files = (
				AED162E6238A7BB100E285DD /* SQLite.framework in Frameworks */,
			);
			runOnlyForDeploymentPostprocessing = 0;
		};
/* End PBXFrameworksBuildPhase section */

/* Begin PBXGroup section */
		462418BA2382D16100A295B5 /* Frameworks */ = {
			isa = PBXGroup;
			children = (
			);
			name = Frameworks;
			sourceTree = "<group>";
		};
		AEC0389C23841FD70003DD79 /* Products */ = {
			isa = PBXGroup;
			children = (
				AEC038A623841FD70003DD79 /* SQLite.framework */,
				AEC038A823841FD70003DD79 /* SQLiteTests iOS.xctest */,
				AEC038AA23841FD70003DD79 /* SQLite.framework */,
				AEC038AC23841FD70003DD79 /* SQLiteTests Mac.xctest */,
				AEC038AE23841FD70003DD79 /* SQLite.framework */,
				AEC038B023841FD70003DD79 /* SQLiteTests tvOS.xctest */,
				AEC038B223841FD70003DD79 /* SQLite.framework */,
			);
			name = Products;
			sourceTree = "<group>";
		};
		AED162CF238A7BAA00E285DD /* Products */ = {
			isa = PBXGroup;
			children = (
				AED162D9238A7BAA00E285DD /* SQLite.framework */,
				AED162DB238A7BAA00E285DD /* SQLiteTests iOS.xctest */,
				AED162DD238A7BAA00E285DD /* SQLite.framework */,
				AED162DF238A7BAA00E285DD /* SQLiteTests Mac.xctest */,
				AED162E1238A7BAA00E285DD /* SQLite.framework */,
				AED162E3238A7BAA00E285DD /* SQLiteTests tvOS.xctest */,
				AED162E5238A7BAA00E285DD /* SQLite.framework */,
			);
			name = Products;
			sourceTree = "<group>";
		};
		AEED9207237C865C0056EA41 = {
			isa = PBXGroup;
			children = (
				AED162CE238A7BAA00E285DD /* SQLite.xcodeproj */,
				AEED9212237C865C0056EA41 /* ChefBuddy */,
				AEED9211237C865C0056EA41 /* Products */,
				462418BA2382D16100A295B5 /* Frameworks */,
			);
			sourceTree = "<group>";
		};
		AEED9211237C865C0056EA41 /* Products */ = {
			isa = PBXGroup;
			children = (
				AEED9210237C865C0056EA41 /* ChefBuddy.app */,
			);
			name = Products;
			sourceTree = "<group>";
		};
		AEED9212237C865C0056EA41 /* ChefBuddy */ = {
			isa = PBXGroup;
			children = (
				40E6D9702386E29D00380209 /* Main.storyboard */,
				46EF1C5B2388988600AE2DF9 /* logViewController.swift */,
				AEF7FDBF23842C190008AFB1 /* Database */,
				AEF7FDC023842C4F0008AFB1 /* Ordering */,
				AEF7FDC123842C930008AFB1 /* Storage */,
				AEF7FDC223842C9A0008AFB1 /* Suppliers */,
				AEED921F237C865D0056EA41 /* Assets.xcassets */,
				AEED9221237C865D0056EA41 /* LaunchScreen.storyboard */,
				AEED9224237C865D0056EA41 /* Info.plist */,
				AEED921C237C865C0056EA41 /* ChefBuddy.xcdatamodeld */,
				4006D3E62382D8EF006D19EE /* UILoggingViewController.swift */,
				AEED9213237C865C0056EA41 /* AppDelegate.swift */,
				AEED9215237C865C0056EA41 /* SceneDelegate.swift */,
			);
			path = ChefBuddy;
			sourceTree = "<group>";
		};
		AEF7FDBF23842C190008AFB1 /* Database */ = {
			isa = PBXGroup;
			children = (
				464B6DC4238358C000AD254E /* StorageDAO.swift */,
				464B6DBE238350A000AD254E /* ProductDAO.swift */,
				464B6DC2238356BA00AD254E /* SupplierDAO.swift */,
				407E92A22385A56F0019B288 /* LocationDAO.swift */,
				46D486472382D0C500AE9F9F /* Storage.swift */,
				407E92A02385A5370019B288 /* Location.swift */,
				46D486402382D01D00AE9F9F /* Product.swift */,
				46D486452382D0B100AE9F9F /* Supplier.swift */,
			);
			path = Database;
			sourceTree = "<group>";
		};
		AEF7FDC023842C4F0008AFB1 /* Ordering */ = {
			isa = PBXGroup;
			children = (
				AE26C5582383456100D9BE09 /* AddItemViewController.swift */,
				AEF7FDBD23842A290008AFB1 /* WeeklyTableViewController.swift */,
				AE04559F237EE4570078FAC4 /* OrderViewController.swift */,
				40E6D9762386F5BB00380209 /* recapViewController.swift */,
			);
			path = Ordering;
			sourceTree = "<group>";
		};
		AEF7FDC123842C930008AFB1 /* Storage */ = {
			isa = PBXGroup;
			children = (
				461CAB90238841E500578100 /* AddLocationViewController.swift */,
				40E6D96C2386CF4800380209 /* productTableViewController.swift */,
				404ABD0D2384350600264503 /* storageTableViewController.swift */,
				40E6D9632386CCB400380209 /* productInfoViewController.swift */,
			);
			path = Storage;
			sourceTree = "<group>";
		};
		AEF7FDC223842C9A0008AFB1 /* Suppliers */ = {
			isa = PBXGroup;
			children = (
				404ABD18238471CD00264503 /* suppliersTableViewController.swift */,
				407E92662385867F0019B288 /* addSupplierViewController.swift */,
				40E6D9722386ECF900380209 /* suppInfoViewController.swift */,
			);
			path = Suppliers;
			sourceTree = "<group>";
		};
/* End PBXGroup section */

/* Begin PBXNativeTarget section */
		AEED920F237C865C0056EA41 /* ChefBuddy */ = {
			isa = PBXNativeTarget;
			buildConfigurationList = AEED9227237C865D0056EA41 /* Build configuration list for PBXNativeTarget "ChefBuddy" */;
			buildPhases = (
				AEED920C237C865C0056EA41 /* Sources */,
				AEED920D237C865C0056EA41 /* Frameworks */,
				AEED920E237C865C0056EA41 /* Resources */,
				AEF7FDBC2384204C0008AFB1 /* Embed Frameworks */,
			);
			buildRules = (
			);
			dependencies = (
			);
			name = ChefBuddy;
			productName = ChefBuddy;
			productReference = AEED9210237C865C0056EA41 /* ChefBuddy.app */;
			productType = "com.apple.product-type.application";
		};
/* End PBXNativeTarget section */

/* Begin PBXProject section */
		AEED9208237C865C0056EA41 /* Project object */ = {
			isa = PBXProject;
			attributes = {
				LastSwiftUpdateCheck = 1100;
				LastUpgradeCheck = 1100;
				ORGANIZATIONNAME = Foodies;
				TargetAttributes = {
					AEED920F237C865C0056EA41 = {
						CreatedOnToolsVersion = 11.0;
					};
				};
			};
			buildConfigurationList = AEED920B237C865C0056EA41 /* Build configuration list for PBXProject "ChefBuddy" */;
			compatibilityVersion = "Xcode 9.3";
			developmentRegion = en;
			hasScannedForEncodings = 0;
			knownRegions = (
				en,
				Base,
			);
			mainGroup = AEED9207237C865C0056EA41;
			productRefGroup = AEED9211237C865C0056EA41 /* Products */;
			projectDirPath = "";
			projectReferences = (
				{
					ProductGroup = AEC0389C23841FD70003DD79 /* Products */;
					ProjectRef = AEC0389B23841FD70003DD79 /* SQLite.xcodeproj */;
				},
				{
					ProductGroup = AED162CF238A7BAA00E285DD /* Products */;
					ProjectRef = AED162CE238A7BAA00E285DD /* SQLite.xcodeproj */;
				},
			);
			projectRoot = "";
			targets = (
				AEED920F237C865C0056EA41 /* ChefBuddy */,
			);
		};
/* End PBXProject section */

/* Begin PBXReferenceProxy section */
		AEC038A623841FD70003DD79 /* SQLite.framework */ = {
			isa = PBXReferenceProxy;
			fileType = wrapper.framework;
			path = SQLite.framework;
			remoteRef = AEC038A523841FD70003DD79 /* PBXContainerItemProxy */;
			sourceTree = BUILT_PRODUCTS_DIR;
		};
		AEC038A823841FD70003DD79 /* SQLiteTests iOS.xctest */ = {
			isa = PBXReferenceProxy;
			fileType = wrapper.cfbundle;
			path = "SQLiteTests iOS.xctest";
			remoteRef = AEC038A723841FD70003DD79 /* PBXContainerItemProxy */;
			sourceTree = BUILT_PRODUCTS_DIR;
		};
		AEC038AA23841FD70003DD79 /* SQLite.framework */ = {
			isa = PBXReferenceProxy;
			fileType = wrapper.framework;
			path = SQLite.framework;
			remoteRef = AEC038A923841FD70003DD79 /* PBXContainerItemProxy */;
			sourceTree = BUILT_PRODUCTS_DIR;
		};
		AEC038AC23841FD70003DD79 /* SQLiteTests Mac.xctest */ = {
			isa = PBXReferenceProxy;
			fileType = wrapper.cfbundle;
			path = "SQLiteTests Mac.xctest";
			remoteRef = AEC038AB23841FD70003DD79 /* PBXContainerItemProxy */;
			sourceTree = BUILT_PRODUCTS_DIR;
		};
		AEC038AE23841FD70003DD79 /* SQLite.framework */ = {
			isa = PBXReferenceProxy;
			fileType = wrapper.framework;
			path = SQLite.framework;
			remoteRef = AEC038AD23841FD70003DD79 /* PBXContainerItemProxy */;
			sourceTree = BUILT_PRODUCTS_DIR;
		};
		AEC038B023841FD70003DD79 /* SQLiteTests tvOS.xctest */ = {
			isa = PBXReferenceProxy;
			fileType = wrapper.cfbundle;
			path = "SQLiteTests tvOS.xctest";
			remoteRef = AEC038AF23841FD70003DD79 /* PBXContainerItemProxy */;
			sourceTree = BUILT_PRODUCTS_DIR;
		};
		AEC038B223841FD70003DD79 /* SQLite.framework */ = {
			isa = PBXReferenceProxy;
			fileType = wrapper.framework;
			path = SQLite.framework;
			remoteRef = AEC038B123841FD70003DD79 /* PBXContainerItemProxy */;
			sourceTree = BUILT_PRODUCTS_DIR;
		};
		AED162D9238A7BAA00E285DD /* SQLite.framework */ = {
			isa = PBXReferenceProxy;
			fileType = wrapper.framework;
			path = SQLite.framework;
			remoteRef = AED162D8238A7BAA00E285DD /* PBXContainerItemProxy */;
			sourceTree = BUILT_PRODUCTS_DIR;
		};
		AED162DB238A7BAA00E285DD /* SQLiteTests iOS.xctest */ = {
			isa = PBXReferenceProxy;
			fileType = wrapper.cfbundle;
			path = "SQLiteTests iOS.xctest";
			remoteRef = AED162DA238A7BAA00E285DD /* PBXContainerItemProxy */;
			sourceTree = BUILT_PRODUCTS_DIR;
		};
		AED162DD238A7BAA00E285DD /* SQLite.framework */ = {
			isa = PBXReferenceProxy;
			fileType = wrapper.framework;
			path = SQLite.framework;
			remoteRef = AED162DC238A7BAA00E285DD /* PBXContainerItemProxy */;
			sourceTree = BUILT_PRODUCTS_DIR;
		};
		AED162DF238A7BAA00E285DD /* SQLiteTests Mac.xctest */ = {
			isa = PBXReferenceProxy;
			fileType = wrapper.cfbundle;
			path = "SQLiteTests Mac.xctest";
			remoteRef = AED162DE238A7BAA00E285DD /* PBXContainerItemProxy */;
			sourceTree = BUILT_PRODUCTS_DIR;
		};
		AED162E1238A7BAA00E285DD /* SQLite.framework */ = {
			isa = PBXReferenceProxy;
			fileType = wrapper.framework;
			path = SQLite.framework;
			remoteRef = AED162E0238A7BAA00E285DD /* PBXContainerItemProxy */;
			sourceTree = BUILT_PRODUCTS_DIR;
		};
		AED162E3238A7BAA00E285DD /* SQLiteTests tvOS.xctest */ = {
			isa = PBXReferenceProxy;
			fileType = wrapper.cfbundle;
			path = "SQLiteTests tvOS.xctest";
			remoteRef = AED162E2238A7BAA00E285DD /* PBXContainerItemProxy */;
			sourceTree = BUILT_PRODUCTS_DIR;
		};
		AED162E5238A7BAA00E285DD /* SQLite.framework */ = {
			isa = PBXReferenceProxy;
			fileType = wrapper.framework;
			path = SQLite.framework;
			remoteRef = AED162E4238A7BAA00E285DD /* PBXContainerItemProxy */;
			sourceTree = BUILT_PRODUCTS_DIR;
		};
/* End PBXReferenceProxy section */

/* Begin PBXResourcesBuildPhase section */
		AEED920E237C865C0056EA41 /* Resources */ = {
			isa = PBXResourcesBuildPhase;
			buildActionMask = 2147483647;
			files = (
				40E6D9712386E29D00380209 /* Main.storyboard in Resources */,
				AEED9223237C865D0056EA41 /* LaunchScreen.storyboard in Resources */,
				AEED9220237C865D0056EA41 /* Assets.xcassets in Resources */,
			);
			runOnlyForDeploymentPostprocessing = 0;
		};
/* End PBXResourcesBuildPhase section */

/* Begin PBXSourcesBuildPhase section */
		AEED920C237C865C0056EA41 /* Sources */ = {
			isa = PBXSourcesBuildPhase;
			buildActionMask = 2147483647;
			files = (
				40E6D9642386CCB400380209 /* productInfoViewController.swift in Sources */,
				4006D3E72382D8EF006D19EE /* UILoggingViewController.swift in Sources */,
				AEED921E237C865C0056EA41 /* ChefBuddy.xcdatamodeld in Sources */,
				46D486482382D0C500AE9F9F /* Storage.swift in Sources */,
				40E6D9772386F5BB00380209 /* recapViewController.swift in Sources */,
				46D486412382D01D00AE9F9F /* Product.swift in Sources */,
				404ABD0E2384350600264503 /* storageTableViewController.swift in Sources */,
				40E6D96D2386CF4800380209 /* productTableViewController.swift in Sources */,
				407E92A12385A5370019B288 /* Location.swift in Sources */,
				464B6DC3238356BA00AD254E /* SupplierDAO.swift in Sources */,
				407E92A32385A56F0019B288 /* LocationDAO.swift in Sources */,
				407E92672385867F0019B288 /* addSupplierViewController.swift in Sources */,
				AEED9214237C865C0056EA41 /* AppDelegate.swift in Sources */,
				461CAB91238841E500578100 /* AddLocationViewController.swift in Sources */,
				464B6DC5238358C000AD254E /* StorageDAO.swift in Sources */,
				AE0455A0237EE4570078FAC4 /* OrderViewController.swift in Sources */,
				46D486462382D0B100AE9F9F /* Supplier.swift in Sources */,
				464B6DBF238350A000AD254E /* ProductDAO.swift in Sources */,
				AEF7FDBE23842A290008AFB1 /* WeeklyTableViewController.swift in Sources */,
				AE26C5592383456100D9BE09 /* AddItemViewController.swift in Sources */,
				40E6D9732386ECF900380209 /* suppInfoViewController.swift in Sources */,
				AEED9216237C865C0056EA41 /* SceneDelegate.swift in Sources */,
				46EF1C5C2388988600AE2DF9 /* logViewController.swift in Sources */,
				404ABD19238471CD00264503 /* suppliersTableViewController.swift in Sources */,
			);
			runOnlyForDeploymentPostprocessing = 0;
		};
/* End PBXSourcesBuildPhase section */

/* Begin PBXVariantGroup section */
		AEED9221237C865D0056EA41 /* LaunchScreen.storyboard */ = {
			isa = PBXVariantGroup;
			children = (
				AEED9222237C865D0056EA41 /* Base */,
			);
			name = LaunchScreen.storyboard;
			sourceTree = "<group>";
		};
/* End PBXVariantGroup section */

/* Begin XCBuildConfiguration section */
		AEED9225237C865D0056EA41 /* Debug */ = {
			isa = XCBuildConfiguration;
			buildSettings = {
				ALWAYS_SEARCH_USER_PATHS = NO;
				CLANG_ANALYZER_NONNULL = YES;
				CLANG_ANALYZER_NUMBER_OBJECT_CONVERSION = YES_AGGRESSIVE;
				CLANG_CXX_LANGUAGE_STANDARD = "gnu++14";
				CLANG_CXX_LIBRARY = "libc++";
				CLANG_ENABLE_MODULES = YES;
				CLANG_ENABLE_OBJC_ARC = YES;
				CLANG_ENABLE_OBJC_WEAK = YES;
				CLANG_WARN_BLOCK_CAPTURE_AUTORELEASING = YES;
				CLANG_WARN_BOOL_CONVERSION = YES;
				CLANG_WARN_COMMA = YES;
				CLANG_WARN_CONSTANT_CONVERSION = YES;
				CLANG_WARN_DEPRECATED_OBJC_IMPLEMENTATIONS = YES;
				CLANG_WARN_DIRECT_OBJC_ISA_USAGE = YES_ERROR;
				CLANG_WARN_DOCUMENTATION_COMMENTS = YES;
				CLANG_WARN_EMPTY_BODY = YES;
				CLANG_WARN_ENUM_CONVERSION = YES;
				CLANG_WARN_INFINITE_RECURSION = YES;
				CLANG_WARN_INT_CONVERSION = YES;
				CLANG_WARN_NON_LITERAL_NULL_CONVERSION = YES;
				CLANG_WARN_OBJC_IMPLICIT_RETAIN_SELF = YES;
				CLANG_WARN_OBJC_LITERAL_CONVERSION = YES;
				CLANG_WARN_OBJC_ROOT_CLASS = YES_ERROR;
				CLANG_WARN_RANGE_LOOP_ANALYSIS = YES;
				CLANG_WARN_STRICT_PROTOTYPES = YES;
				CLANG_WARN_SUSPICIOUS_MOVE = YES;
				CLANG_WARN_UNGUARDED_AVAILABILITY = YES_AGGRESSIVE;
				CLANG_WARN_UNREACHABLE_CODE = YES;
				CLANG_WARN__DUPLICATE_METHOD_MATCH = YES;
				COPY_PHASE_STRIP = NO;
				DEBUG_INFORMATION_FORMAT = dwarf;
				ENABLE_STRICT_OBJC_MSGSEND = YES;
				ENABLE_TESTABILITY = YES;
				GCC_C_LANGUAGE_STANDARD = gnu11;
				GCC_DYNAMIC_NO_PIC = NO;
				GCC_NO_COMMON_BLOCKS = YES;
				GCC_OPTIMIZATION_LEVEL = 0;
				GCC_PREPROCESSOR_DEFINITIONS = (
					"DEBUG=1",
					"$(inherited)",
				);
				GCC_WARN_64_TO_32_BIT_CONVERSION = YES;
				GCC_WARN_ABOUT_RETURN_TYPE = YES_ERROR;
				GCC_WARN_UNDECLARED_SELECTOR = YES;
				GCC_WARN_UNINITIALIZED_AUTOS = YES_AGGRESSIVE;
				GCC_WARN_UNUSED_FUNCTION = YES;
				GCC_WARN_UNUSED_VARIABLE = YES;
				IPHONEOS_DEPLOYMENT_TARGET = 13.0;
				MTL_ENABLE_DEBUG_INFO = INCLUDE_SOURCE;
				MTL_FAST_MATH = YES;
				ONLY_ACTIVE_ARCH = YES;
				SDKROOT = iphoneos;
				SWIFT_ACTIVE_COMPILATION_CONDITIONS = DEBUG;
				SWIFT_OPTIMIZATION_LEVEL = "-Onone";
			};
			name = Debug;
		};
		AEED9226237C865D0056EA41 /* Release */ = {
			isa = XCBuildConfiguration;
			buildSettings = {
				ALWAYS_SEARCH_USER_PATHS = NO;
				CLANG_ANALYZER_NONNULL = YES;
				CLANG_ANALYZER_NUMBER_OBJECT_CONVERSION = YES_AGGRESSIVE;
				CLANG_CXX_LANGUAGE_STANDARD = "gnu++14";
				CLANG_CXX_LIBRARY = "libc++";
				CLANG_ENABLE_MODULES = YES;
				CLANG_ENABLE_OBJC_ARC = YES;
				CLANG_ENABLE_OBJC_WEAK = YES;
				CLANG_WARN_BLOCK_CAPTURE_AUTORELEASING = YES;
				CLANG_WARN_BOOL_CONVERSION = YES;
				CLANG_WARN_COMMA = YES;
				CLANG_WARN_CONSTANT_CONVERSION = YES;
				CLANG_WARN_DEPRECATED_OBJC_IMPLEMENTATIONS = YES;
				CLANG_WARN_DIRECT_OBJC_ISA_USAGE = YES_ERROR;
				CLANG_WARN_DOCUMENTATION_COMMENTS = YES;
				CLANG_WARN_EMPTY_BODY = YES;
				CLANG_WARN_ENUM_CONVERSION = YES;
				CLANG_WARN_INFINITE_RECURSION = YES;
				CLANG_WARN_INT_CONVERSION = YES;
				CLANG_WARN_NON_LITERAL_NULL_CONVERSION = YES;
				CLANG_WARN_OBJC_IMPLICIT_RETAIN_SELF = YES;
				CLANG_WARN_OBJC_LITERAL_CONVERSION = YES;
				CLANG_WARN_OBJC_ROOT_CLASS = YES_ERROR;
				CLANG_WARN_RANGE_LOOP_ANALYSIS = YES;
				CLANG_WARN_STRICT_PROTOTYPES = YES;
				CLANG_WARN_SUSPICIOUS_MOVE = YES;
				CLANG_WARN_UNGUARDED_AVAILABILITY = YES_AGGRESSIVE;
				CLANG_WARN_UNREACHABLE_CODE = YES;
				CLANG_WARN__DUPLICATE_METHOD_MATCH = YES;
				COPY_PHASE_STRIP = NO;
				DEBUG_INFORMATION_FORMAT = "dwarf-with-dsym";
				ENABLE_NS_ASSERTIONS = NO;
				ENABLE_STRICT_OBJC_MSGSEND = YES;
				GCC_C_LANGUAGE_STANDARD = gnu11;
				GCC_NO_COMMON_BLOCKS = YES;
				GCC_WARN_64_TO_32_BIT_CONVERSION = YES;
				GCC_WARN_ABOUT_RETURN_TYPE = YES_ERROR;
				GCC_WARN_UNDECLARED_SELECTOR = YES;
				GCC_WARN_UNINITIALIZED_AUTOS = YES_AGGRESSIVE;
				GCC_WARN_UNUSED_FUNCTION = YES;
				GCC_WARN_UNUSED_VARIABLE = YES;
				IPHONEOS_DEPLOYMENT_TARGET = 13.0;
				MTL_ENABLE_DEBUG_INFO = NO;
				MTL_FAST_MATH = YES;
				SDKROOT = iphoneos;
				SWIFT_COMPILATION_MODE = wholemodule;
				SWIFT_OPTIMIZATION_LEVEL = "-O";
				VALIDATE_PRODUCT = YES;
			};
			name = Release;
		};
		AEED9228237C865D0056EA41 /* Debug */ = {
			isa = XCBuildConfiguration;
			buildSettings = {
				ASSETCATALOG_COMPILER_APPICON_NAME = AppIcon;
				CODE_SIGN_STYLE = Automatic;
				DEVELOPMENT_TEAM = J946WS8G63;
				INFOPLIST_FILE = ChefBuddy/Info.plist;
				LD_RUNPATH_SEARCH_PATHS = (
					"$(inherited)",
					"@executable_path/Frameworks",
				);
				PRODUCT_BUNDLE_IDENTIFIER = foodies.ChefBuddy66;
				PRODUCT_NAME = "$(TARGET_NAME)";
				SWIFT_VERSION = 5.0;
				TARGETED_DEVICE_FAMILY = 1;
			};
			name = Debug;
		};
		AEED9229237C865D0056EA41 /* Release */ = {
			isa = XCBuildConfiguration;
			buildSettings = {
				ASSETCATALOG_COMPILER_APPICON_NAME = AppIcon;
				CODE_SIGN_STYLE = Automatic;
				DEVELOPMENT_TEAM = J946WS8G63;
				INFOPLIST_FILE = ChefBuddy/Info.plist;
				LD_RUNPATH_SEARCH_PATHS = (
					"$(inherited)",
					"@executable_path/Frameworks",
				);
				PRODUCT_BUNDLE_IDENTIFIER = foodies.ChefBuddy66;
				PRODUCT_NAME = "$(TARGET_NAME)";
				SWIFT_VERSION = 5.0;
				TARGETED_DEVICE_FAMILY = 1;
			};
			name = Release;
		};
/* End XCBuildConfiguration section */

/* Begin XCConfigurationList section */
		AEED920B237C865C0056EA41 /* Build configuration list for PBXProject "ChefBuddy" */ = {
			isa = XCConfigurationList;
			buildConfigurations = (
				AEED9225237C865D0056EA41 /* Debug */,
				AEED9226237C865D0056EA41 /* Release */,
			);
			defaultConfigurationIsVisible = 0;
			defaultConfigurationName = Release;
		};
		AEED9227237C865D0056EA41 /* Build configuration list for PBXNativeTarget "ChefBuddy" */ = {
			isa = XCConfigurationList;
			buildConfigurations = (
				AEED9228237C865D0056EA41 /* Debug */,
				AEED9229237C865D0056EA41 /* Release */,
			);
			defaultConfigurationIsVisible = 0;
			defaultConfigurationName = Release;
		};
/* End XCConfigurationList section */

/* Begin XCVersionGroup section */
		AEED921C237C865C0056EA41 /* ChefBuddy.xcdatamodeld */ = {
			isa = XCVersionGroup;
			children = (
				AEED921D237C865C0056EA41 /* ChefBuddy.xcdatamodel */,
			);
			currentVersion = AEED921D237C865C0056EA41 /* ChefBuddy.xcdatamodel */;
			path = ChefBuddy.xcdatamodeld;
			sourceTree = "<group>";
			versionGroupType = wrapper.xcdatamodel;
		};
/* End XCVersionGroup section */
	};
	rootObject = AEED9208237C865C0056EA41 /* Project object */;
}
